// !$*UTF8*$!
{
	archiveVersion = 1;
	classes = {
	};
	objectVersion = 55;
	objects = {

/* Begin PBXBuildFile section */
		C400916728DB0973004B524A /* AddSongViewModel.swift in Sources */ = {isa = PBXBuildFile; fileRef = C400916628DB0973004B524A /* AddSongViewModel.swift */; };
		C42024AB28C9D5F700468B70 /* EditProfileView.swift in Sources */ = {isa = PBXBuildFile; fileRef = C42024AA28C9D5F700468B70 /* EditProfileView.swift */; };
		C42024AD28C9DA1700468B70 /* ChangePasswordView.swift in Sources */ = {isa = PBXBuildFile; fileRef = C42024AC28C9DA1700468B70 /* ChangePasswordView.swift */; };
		C42024AF28C9E3CE00468B70 /* ImageUploader.swift in Sources */ = {isa = PBXBuildFile; fileRef = C42024AE28C9E3CE00468B70 /* ImageUploader.swift */; };
		C42024B228C9E41500468B70 /* ImagePicker.swift in Sources */ = {isa = PBXBuildFile; fileRef = C42024B128C9E41500468B70 /* ImagePicker.swift */; };
		C42024B528CA37EA00468B70 /* Kingfisher in Frameworks */ = {isa = PBXBuildFile; productRef = C42024B428CA37EA00468B70 /* Kingfisher */; };
		C42024B728CAF68F00468B70 /* Song.swift in Sources */ = {isa = PBXBuildFile; fileRef = C42024B628CAF68F00468B70 /* Song.swift */; };
		C42024B928CAF78300468B70 /* SongService.swift in Sources */ = {isa = PBXBuildFile; fileRef = C42024B828CAF78300468B70 /* SongService.swift */; };
		C42107C628D94D2C00A0B104 /* SongStore.swift in Sources */ = {isa = PBXBuildFile; fileRef = C42107C528D94D2C00A0B104 /* SongStore.swift */; };
		C42107CD28D95FB500A0B104 /* EType.swift in Sources */ = {isa = PBXBuildFile; fileRef = C42107CC28D95FB500A0B104 /* EType.swift */; };
		C42107CF28D99CAC00A0B104 /* AudioPicker.swift in Sources */ = {isa = PBXBuildFile; fileRef = C42107CE28D99CAC00A0B104 /* AudioPicker.swift */; };
		C42107D628D9A62D00A0B104 /* AddSongView.swift in Sources */ = {isa = PBXBuildFile; fileRef = C42107D528D9A62D00A0B104 /* AddSongView.swift */; };
		C462939B28C887CC00F8D1A9 /* FirebaseAuth in Frameworks */ = {isa = PBXBuildFile; productRef = C462939A28C887CC00F8D1A9 /* FirebaseAuth */; };
		C462939D28C887CC00F8D1A9 /* FirebaseDatabase in Frameworks */ = {isa = PBXBuildFile; productRef = C462939C28C887CC00F8D1A9 /* FirebaseDatabase */; };
		C462939F28C887CC00F8D1A9 /* FirebaseDatabaseSwift in Frameworks */ = {isa = PBXBuildFile; productRef = C462939E28C887CC00F8D1A9 /* FirebaseDatabaseSwift */; };
		C46293A128C887CC00F8D1A9 /* FirebaseFirestore in Frameworks */ = {isa = PBXBuildFile; productRef = C46293A028C887CC00F8D1A9 /* FirebaseFirestore */; };
		C46293A328C887CC00F8D1A9 /* FirebaseStorage in Frameworks */ = {isa = PBXBuildFile; productRef = C46293A228C887CC00F8D1A9 /* FirebaseStorage */; };
		C46293A528C8896D00F8D1A9 /* AuthViewModel.swift in Sources */ = {isa = PBXBuildFile; fileRef = C46293A428C8896D00F8D1A9 /* AuthViewModel.swift */; };
		C46293A728C88A1400F8D1A9 /* User.swift in Sources */ = {isa = PBXBuildFile; fileRef = C46293A628C88A1400F8D1A9 /* User.swift */; };
		C46293AA28C88BD700F8D1A9 /* FirebaseFirestoreSwift in Frameworks */ = {isa = PBXBuildFile; productRef = C46293A928C88BD700F8D1A9 /* FirebaseFirestoreSwift */; };
		C46293AC28C8A43D00F8D1A9 /* UserService.swift in Sources */ = {isa = PBXBuildFile; fileRef = C46293AB28C8A43D00F8D1A9 /* UserService.swift */; };
		C465E88928D038900088016A /* SongDownload.swift in Sources */ = {isa = PBXBuildFile; fileRef = C465E88828D038900088016A /* SongDownload.swift */; };
		C465E88B28D067420088016A /* MainViewModel.swift in Sources */ = {isa = PBXBuildFile; fileRef = C465E88A28D067420088016A /* MainViewModel.swift */; };
		C465E88D28D1D7F20088016A /* FileManager.swift in Sources */ = {isa = PBXBuildFile; fileRef = C465E88C28D1D7F20088016A /* FileManager.swift */; };
		C482EB4628C731DA00ADAE41 /* SearchBar.swift in Sources */ = {isa = PBXBuildFile; fileRef = C482EB4528C731DA00ADAE41 /* SearchBar.swift */; };
		C482EB4828C7373400ADAE41 /* SearchRow.swift in Sources */ = {isa = PBXBuildFile; fileRef = C482EB4728C7373400ADAE41 /* SearchRow.swift */; };
		C482EB4A28C7868E00ADAE41 /* FavsRow.swift in Sources */ = {isa = PBXBuildFile; fileRef = C482EB4928C7868E00ADAE41 /* FavsRow.swift */; };
		C482EB4F28C82D5000ADAE41 /* SettingView.swift in Sources */ = {isa = PBXBuildFile; fileRef = C482EB4E28C82D5000ADAE41 /* SettingView.swift */; };
		C48D7B3C28C5EB9000634E38 /* ChillkraApp.swift in Sources */ = {isa = PBXBuildFile; fileRef = C48D7B3B28C5EB9000634E38 /* ChillkraApp.swift */; };
		C48D7B3E28C5EB9000634E38 /* ContentView.swift in Sources */ = {isa = PBXBuildFile; fileRef = C48D7B3D28C5EB9000634E38 /* ContentView.swift */; };
		C48D7B4028C5EB9100634E38 /* Assets.xcassets in Resources */ = {isa = PBXBuildFile; fileRef = C48D7B3F28C5EB9100634E38 /* Assets.xcassets */; };
		C48D7B4328C5EB9100634E38 /* Preview Assets.xcassets in Resources */ = {isa = PBXBuildFile; fileRef = C48D7B4228C5EB9100634E38 /* Preview Assets.xcassets */; };
		C48D7B4D28C5EB9100634E38 /* ChillkraTests.swift in Sources */ = {isa = PBXBuildFile; fileRef = C48D7B4C28C5EB9100634E38 /* ChillkraTests.swift */; };
		C48D7B5728C5EB9100634E38 /* ChillkraUITests.swift in Sources */ = {isa = PBXBuildFile; fileRef = C48D7B5628C5EB9100634E38 /* ChillkraUITests.swift */; };
		C48D7B5928C5EB9100634E38 /* ChillkraUITestsLaunchTests.swift in Sources */ = {isa = PBXBuildFile; fileRef = C48D7B5828C5EB9100634E38 /* ChillkraUITestsLaunchTests.swift */; };
		C48D7B7228C5EC2600634E38 /* LoginView.swift in Sources */ = {isa = PBXBuildFile; fileRef = C48D7B7128C5EC2600634E38 /* LoginView.swift */; };
		C48D7B8428C5EC5700634E38 /* JosefinSans-Italic.ttf in Resources */ = {isa = PBXBuildFile; fileRef = C48D7B7428C5EC5700634E38 /* JosefinSans-Italic.ttf */; };
		C48D7B8528C5EC5700634E38 /* JosefinSans-Thin.ttf in Resources */ = {isa = PBXBuildFile; fileRef = C48D7B7528C5EC5700634E38 /* JosefinSans-Thin.ttf */; };
		C48D7B8628C5EC5700634E38 /* JosefinSans-Bold.ttf in Resources */ = {isa = PBXBuildFile; fileRef = C48D7B7628C5EC5700634E38 /* JosefinSans-Bold.ttf */; };
		C48D7B8728C5EC5700634E38 /* JosefinSans-Light.ttf in Resources */ = {isa = PBXBuildFile; fileRef = C48D7B7728C5EC5700634E38 /* JosefinSans-Light.ttf */; };
		C48D7B8828C5EC5700634E38 /* JosefinSans-LightItalic.ttf in Resources */ = {isa = PBXBuildFile; fileRef = C48D7B7828C5EC5700634E38 /* JosefinSans-LightItalic.ttf */; };
		C48D7B8928C5EC5700634E38 /* JosefinSans-SemiBold.ttf in Resources */ = {isa = PBXBuildFile; fileRef = C48D7B7928C5EC5700634E38 /* JosefinSans-SemiBold.ttf */; };
		C48D7B8A28C5EC5700634E38 /* JosefinSans-Regular.ttf in Resources */ = {isa = PBXBuildFile; fileRef = C48D7B7A28C5EC5700634E38 /* JosefinSans-Regular.ttf */; };
		C48D7B8B28C5EC5700634E38 /* OFL.txt in Resources */ = {isa = PBXBuildFile; fileRef = C48D7B7B28C5EC5700634E38 /* OFL.txt */; };
		C48D7B8C28C5EC5700634E38 /* JosefinSans-BoldItalic.ttf in Resources */ = {isa = PBXBuildFile; fileRef = C48D7B7C28C5EC5700634E38 /* JosefinSans-BoldItalic.ttf */; };
		C48D7B8D28C5EC5700634E38 /* JosefinSans-ThinItalic.ttf in Resources */ = {isa = PBXBuildFile; fileRef = C48D7B7D28C5EC5700634E38 /* JosefinSans-ThinItalic.ttf */; };
		C48D7B8E28C5EC5700634E38 /* JosefinSans-SemiBoldItalic.ttf in Resources */ = {isa = PBXBuildFile; fileRef = C48D7B7E28C5EC5700634E38 /* JosefinSans-SemiBoldItalic.ttf */; };
		C48D7B8F28C5EC5700634E38 /* Kalam-Regular.ttf in Resources */ = {isa = PBXBuildFile; fileRef = C48D7B8028C5EC5700634E38 /* Kalam-Regular.ttf */; };
		C48D7B9028C5EC5700634E38 /* Kalam-Light.ttf in Resources */ = {isa = PBXBuildFile; fileRef = C48D7B8128C5EC5700634E38 /* Kalam-Light.ttf */; };
		C48D7B9128C5EC5700634E38 /* Kalam-Bold.ttf in Resources */ = {isa = PBXBuildFile; fileRef = C48D7B8228C5EC5700634E38 /* Kalam-Bold.ttf */; };
		C48D7B9628C5EE6A00634E38 /* CustomFonts.swift in Sources */ = {isa = PBXBuildFile; fileRef = C48D7B9528C5EE6A00634E38 /* CustomFonts.swift */; };
		C48D7B9828C6137400634E38 /* CustomSize.swift in Sources */ = {isa = PBXBuildFile; fileRef = C48D7B9728C6137400634E38 /* CustomSize.swift */; };
		C48D7B9A28C61CB500634E38 /* TitleView.swift in Sources */ = {isa = PBXBuildFile; fileRef = C48D7B9928C61CB500634E38 /* TitleView.swift */; };
		C48D7B9C28C6348E00634E38 /* HeaderView.swift in Sources */ = {isa = PBXBuildFile; fileRef = C48D7B9B28C6348E00634E38 /* HeaderView.swift */; };
		C48D7B9E28C6361A00634E38 /* SignUpView.swift in Sources */ = {isa = PBXBuildFile; fileRef = C48D7B9D28C6361A00634E38 /* SignUpView.swift */; };
		C48D7BA428C6D7DC00634E38 /* SplashView.swift in Sources */ = {isa = PBXBuildFile; fileRef = C48D7BA328C6D7DC00634E38 /* SplashView.swift */; };
		C48D7BAD28C6D9D200634E38 /* MainView.swift in Sources */ = {isa = PBXBuildFile; fileRef = C48D7BAC28C6D9D200634E38 /* MainView.swift */; };
		C48D7BAF28C6DAEC00634E38 /* MusicRow.swift in Sources */ = {isa = PBXBuildFile; fileRef = C48D7BAE28C6DAEC00634E38 /* MusicRow.swift */; };
		C48D7BB128C6E49700634E38 /* FeelRow.swift in Sources */ = {isa = PBXBuildFile; fileRef = C48D7BB028C6E49700634E38 /* FeelRow.swift */; };
		C48D7BB328C6F1C500634E38 /* ListRow.swift in Sources */ = {isa = PBXBuildFile; fileRef = C48D7BB228C6F1C500634E38 /* ListRow.swift */; };
		C48D7BBB28C6FD3500634E38 /* FavsView.swift in Sources */ = {isa = PBXBuildFile; fileRef = C48D7BBA28C6FD3500634E38 /* FavsView.swift */; };
		C48D7BBD28C6FD4100634E38 /* StatsView.swift in Sources */ = {isa = PBXBuildFile; fileRef = C48D7BBC28C6FD4100634E38 /* StatsView.swift */; };
		C48D7BBF28C6FD4A00634E38 /* SearchView.swift in Sources */ = {isa = PBXBuildFile; fileRef = C48D7BBE28C6FD4A00634E38 /* SearchView.swift */; };
		C48D7BC228C6FDFC00634E38 /* MainTabView.swift in Sources */ = {isa = PBXBuildFile; fileRef = C48D7BC128C6FDFC00634E38 /* MainTabView.swift */; };
		C48D7BC428C7243800634E38 /* RowPlayer.swift in Sources */ = {isa = PBXBuildFile; fileRef = C48D7BC328C7243800634E38 /* RowPlayer.swift */; };
		C4C2809428D4259B00B35487 /* Types.swift in Sources */ = {isa = PBXBuildFile; fileRef = C4C2809328D4259B00B35487 /* Types.swift */; };
		C4DA8FFD28C83C1D0067A1AB /* StatsFillerViewModel.swift in Sources */ = {isa = PBXBuildFile; fileRef = C4DA8FFC28C83C1D0067A1AB /* StatsFillerViewModel.swift */; };
		C4DA8FFF28C847180067A1AB /* TotalRow.swift in Sources */ = {isa = PBXBuildFile; fileRef = C4DA8FFE28C847180067A1AB /* TotalRow.swift */; };
		C4DA900428C849FF0067A1AB /* PlayView.swift in Sources */ = {isa = PBXBuildFile; fileRef = C4DA900328C849FF0067A1AB /* PlayView.swift */; };
		C4DA900628C852380067A1AB /* TabBar.swift in Sources */ = {isa = PBXBuildFile; fileRef = C4DA900528C852380067A1AB /* TabBar.swift */; };
		C4DA901028C87EC50067A1AB /* ActivityView.swift in Sources */ = {isa = PBXBuildFile; fileRef = C4DA900F28C87EC50067A1AB /* ActivityView.swift */; };
		C4DA901228C883F90067A1AB /* GoogleService-Info.plist in Resources */ = {isa = PBXBuildFile; fileRef = C4DA901128C883F90067A1AB /* GoogleService-Info.plist */; };
/* End PBXBuildFile section */

/* Begin PBXContainerItemProxy section */
		C48D7B4928C5EB9100634E38 /* PBXContainerItemProxy */ = {
			isa = PBXContainerItemProxy;
			containerPortal = C48D7B3028C5EB9000634E38 /* Project object */;
			proxyType = 1;
			remoteGlobalIDString = C48D7B3728C5EB9000634E38;
			remoteInfo = Chillkra;
		};
		C48D7B5328C5EB9100634E38 /* PBXContainerItemProxy */ = {
			isa = PBXContainerItemProxy;
			containerPortal = C48D7B3028C5EB9000634E38 /* Project object */;
			proxyType = 1;
			remoteGlobalIDString = C48D7B3728C5EB9000634E38;
			remoteInfo = Chillkra;
		};
/* End PBXContainerItemProxy section */

/* Begin PBXFileReference section */
		C400916628DB0973004B524A /* AddSongViewModel.swift */ = {isa = PBXFileReference; lastKnownFileType = sourcecode.swift; path = AddSongViewModel.swift; sourceTree = "<group>"; };
		C42024AA28C9D5F700468B70 /* EditProfileView.swift */ = {isa = PBXFileReference; lastKnownFileType = sourcecode.swift; path = EditProfileView.swift; sourceTree = "<group>"; };
		C42024AC28C9DA1700468B70 /* ChangePasswordView.swift */ = {isa = PBXFileReference; lastKnownFileType = sourcecode.swift; path = ChangePasswordView.swift; sourceTree = "<group>"; };
		C42024AE28C9E3CE00468B70 /* ImageUploader.swift */ = {isa = PBXFileReference; lastKnownFileType = sourcecode.swift; path = ImageUploader.swift; sourceTree = "<group>"; };
		C42024B128C9E41500468B70 /* ImagePicker.swift */ = {isa = PBXFileReference; lastKnownFileType = sourcecode.swift; path = ImagePicker.swift; sourceTree = "<group>"; };
		C42024B628CAF68F00468B70 /* Song.swift */ = {isa = PBXFileReference; lastKnownFileType = sourcecode.swift; path = Song.swift; sourceTree = "<group>"; };
		C42024B828CAF78300468B70 /* SongService.swift */ = {isa = PBXFileReference; lastKnownFileType = sourcecode.swift; path = SongService.swift; sourceTree = "<group>"; };
		C42107C528D94D2C00A0B104 /* SongStore.swift */ = {isa = PBXFileReference; lastKnownFileType = sourcecode.swift; path = SongStore.swift; sourceTree = "<group>"; };
		C42107CC28D95FB500A0B104 /* EType.swift */ = {isa = PBXFileReference; lastKnownFileType = sourcecode.swift; path = EType.swift; sourceTree = "<group>"; };
		C42107CE28D99CAC00A0B104 /* AudioPicker.swift */ = {isa = PBXFileReference; lastKnownFileType = sourcecode.swift; path = AudioPicker.swift; sourceTree = "<group>"; };
		C42107D528D9A62D00A0B104 /* AddSongView.swift */ = {isa = PBXFileReference; lastKnownFileType = sourcecode.swift; path = AddSongView.swift; sourceTree = "<group>"; };
		C46293A428C8896D00F8D1A9 /* AuthViewModel.swift */ = {isa = PBXFileReference; lastKnownFileType = sourcecode.swift; path = AuthViewModel.swift; sourceTree = "<group>"; };
		C46293A628C88A1400F8D1A9 /* User.swift */ = {isa = PBXFileReference; lastKnownFileType = sourcecode.swift; path = User.swift; sourceTree = "<group>"; };
		C46293AB28C8A43D00F8D1A9 /* UserService.swift */ = {isa = PBXFileReference; lastKnownFileType = sourcecode.swift; path = UserService.swift; sourceTree = "<group>"; };
		C465E88828D038900088016A /* SongDownload.swift */ = {isa = PBXFileReference; lastKnownFileType = sourcecode.swift; path = SongDownload.swift; sourceTree = "<group>"; };
		C465E88A28D067420088016A /* MainViewModel.swift */ = {isa = PBXFileReference; lastKnownFileType = sourcecode.swift; path = MainViewModel.swift; sourceTree = "<group>"; };
		C465E88C28D1D7F20088016A /* FileManager.swift */ = {isa = PBXFileReference; lastKnownFileType = sourcecode.swift; path = FileManager.swift; sourceTree = "<group>"; };
		C482EB4528C731DA00ADAE41 /* SearchBar.swift */ = {isa = PBXFileReference; lastKnownFileType = sourcecode.swift; path = SearchBar.swift; sourceTree = "<group>"; };
		C482EB4728C7373400ADAE41 /* SearchRow.swift */ = {isa = PBXFileReference; lastKnownFileType = sourcecode.swift; path = SearchRow.swift; sourceTree = "<group>"; };
		C482EB4928C7868E00ADAE41 /* FavsRow.swift */ = {isa = PBXFileReference; lastKnownFileType = sourcecode.swift; path = FavsRow.swift; sourceTree = "<group>"; };
		C482EB4E28C82D5000ADAE41 /* SettingView.swift */ = {isa = PBXFileReference; lastKnownFileType = sourcecode.swift; path = SettingView.swift; sourceTree = "<group>"; };
		C48D7B3828C5EB9000634E38 /* Chillkra.app */ = {isa = PBXFileReference; explicitFileType = wrapper.application; includeInIndex = 0; path = Chillkra.app; sourceTree = BUILT_PRODUCTS_DIR; };
		C48D7B3B28C5EB9000634E38 /* ChillkraApp.swift */ = {isa = PBXFileReference; lastKnownFileType = sourcecode.swift; path = ChillkraApp.swift; sourceTree = "<group>"; };
		C48D7B3D28C5EB9000634E38 /* ContentView.swift */ = {isa = PBXFileReference; lastKnownFileType = sourcecode.swift; path = ContentView.swift; sourceTree = "<group>"; };
		C48D7B3F28C5EB9100634E38 /* Assets.xcassets */ = {isa = PBXFileReference; lastKnownFileType = folder.assetcatalog; path = Assets.xcassets; sourceTree = "<group>"; };
		C48D7B4228C5EB9100634E38 /* Preview Assets.xcassets */ = {isa = PBXFileReference; lastKnownFileType = folder.assetcatalog; path = "Preview Assets.xcassets"; sourceTree = "<group>"; };
		C48D7B4828C5EB9100634E38 /* ChillkraTests.xctest */ = {isa = PBXFileReference; explicitFileType = wrapper.cfbundle; includeInIndex = 0; path = ChillkraTests.xctest; sourceTree = BUILT_PRODUCTS_DIR; };
		C48D7B4C28C5EB9100634E38 /* ChillkraTests.swift */ = {isa = PBXFileReference; lastKnownFileType = sourcecode.swift; path = ChillkraTests.swift; sourceTree = "<group>"; };
		C48D7B5228C5EB9100634E38 /* ChillkraUITests.xctest */ = {isa = PBXFileReference; explicitFileType = wrapper.cfbundle; includeInIndex = 0; path = ChillkraUITests.xctest; sourceTree = BUILT_PRODUCTS_DIR; };
		C48D7B5628C5EB9100634E38 /* ChillkraUITests.swift */ = {isa = PBXFileReference; lastKnownFileType = sourcecode.swift; path = ChillkraUITests.swift; sourceTree = "<group>"; };
		C48D7B5828C5EB9100634E38 /* ChillkraUITestsLaunchTests.swift */ = {isa = PBXFileReference; lastKnownFileType = sourcecode.swift; path = ChillkraUITestsLaunchTests.swift; sourceTree = "<group>"; };
		C48D7B7128C5EC2600634E38 /* LoginView.swift */ = {isa = PBXFileReference; lastKnownFileType = sourcecode.swift; path = LoginView.swift; sourceTree = "<group>"; };
		C48D7B7428C5EC5700634E38 /* JosefinSans-Italic.ttf */ = {isa = PBXFileReference; lastKnownFileType = file; path = "JosefinSans-Italic.ttf"; sourceTree = "<group>"; };
		C48D7B7528C5EC5700634E38 /* JosefinSans-Thin.ttf */ = {isa = PBXFileReference; lastKnownFileType = file; path = "JosefinSans-Thin.ttf"; sourceTree = "<group>"; };
		C48D7B7628C5EC5700634E38 /* JosefinSans-Bold.ttf */ = {isa = PBXFileReference; lastKnownFileType = file; path = "JosefinSans-Bold.ttf"; sourceTree = "<group>"; };
		C48D7B7728C5EC5700634E38 /* JosefinSans-Light.ttf */ = {isa = PBXFileReference; lastKnownFileType = file; path = "JosefinSans-Light.ttf"; sourceTree = "<group>"; };
		C48D7B7828C5EC5700634E38 /* JosefinSans-LightItalic.ttf */ = {isa = PBXFileReference; lastKnownFileType = file; path = "JosefinSans-LightItalic.ttf"; sourceTree = "<group>"; };
		C48D7B7928C5EC5700634E38 /* JosefinSans-SemiBold.ttf */ = {isa = PBXFileReference; lastKnownFileType = file; path = "JosefinSans-SemiBold.ttf"; sourceTree = "<group>"; };
		C48D7B7A28C5EC5700634E38 /* JosefinSans-Regular.ttf */ = {isa = PBXFileReference; lastKnownFileType = file; path = "JosefinSans-Regular.ttf"; sourceTree = "<group>"; };
		C48D7B7B28C5EC5700634E38 /* OFL.txt */ = {isa = PBXFileReference; fileEncoding = 4; lastKnownFileType = text; path = OFL.txt; sourceTree = "<group>"; };
		C48D7B7C28C5EC5700634E38 /* JosefinSans-BoldItalic.ttf */ = {isa = PBXFileReference; lastKnownFileType = file; path = "JosefinSans-BoldItalic.ttf"; sourceTree = "<group>"; };
		C48D7B7D28C5EC5700634E38 /* JosefinSans-ThinItalic.ttf */ = {isa = PBXFileReference; lastKnownFileType = file; path = "JosefinSans-ThinItalic.ttf"; sourceTree = "<group>"; };
		C48D7B7E28C5EC5700634E38 /* JosefinSans-SemiBoldItalic.ttf */ = {isa = PBXFileReference; lastKnownFileType = file; path = "JosefinSans-SemiBoldItalic.ttf"; sourceTree = "<group>"; };
		C48D7B8028C5EC5700634E38 /* Kalam-Regular.ttf */ = {isa = PBXFileReference; lastKnownFileType = file; path = "Kalam-Regular.ttf"; sourceTree = "<group>"; };
		C48D7B8128C5EC5700634E38 /* Kalam-Light.ttf */ = {isa = PBXFileReference; lastKnownFileType = file; path = "Kalam-Light.ttf"; sourceTree = "<group>"; };
		C48D7B8228C5EC5700634E38 /* Kalam-Bold.ttf */ = {isa = PBXFileReference; lastKnownFileType = file; path = "Kalam-Bold.ttf"; sourceTree = "<group>"; };
		C48D7B9428C5ED6F00634E38 /* Info.plist */ = {isa = PBXFileReference; lastKnownFileType = text.plist; path = Info.plist; sourceTree = "<group>"; };
		C48D7B9528C5EE6A00634E38 /* CustomFonts.swift */ = {isa = PBXFileReference; lastKnownFileType = sourcecode.swift; path = CustomFonts.swift; sourceTree = "<group>"; };
		C48D7B9728C6137400634E38 /* CustomSize.swift */ = {isa = PBXFileReference; lastKnownFileType = sourcecode.swift; path = CustomSize.swift; sourceTree = "<group>"; };
		C48D7B9928C61CB500634E38 /* TitleView.swift */ = {isa = PBXFileReference; lastKnownFileType = sourcecode.swift; path = TitleView.swift; sourceTree = "<group>"; };
		C48D7B9B28C6348E00634E38 /* HeaderView.swift */ = {isa = PBXFileReference; lastKnownFileType = sourcecode.swift; path = HeaderView.swift; sourceTree = "<group>"; };
		C48D7B9D28C6361A00634E38 /* SignUpView.swift */ = {isa = PBXFileReference; lastKnownFileType = sourcecode.swift; path = SignUpView.swift; sourceTree = "<group>"; };
		C48D7BA328C6D7DC00634E38 /* SplashView.swift */ = {isa = PBXFileReference; lastKnownFileType = sourcecode.swift; path = SplashView.swift; sourceTree = "<group>"; };
		C48D7BAC28C6D9D200634E38 /* MainView.swift */ = {isa = PBXFileReference; lastKnownFileType = sourcecode.swift; path = MainView.swift; sourceTree = "<group>"; };
		C48D7BAE28C6DAEC00634E38 /* MusicRow.swift */ = {isa = PBXFileReference; lastKnownFileType = sourcecode.swift; path = MusicRow.swift; sourceTree = "<group>"; };
		C48D7BB028C6E49700634E38 /* FeelRow.swift */ = {isa = PBXFileReference; lastKnownFileType = sourcecode.swift; path = FeelRow.swift; sourceTree = "<group>"; };
		C48D7BB228C6F1C500634E38 /* ListRow.swift */ = {isa = PBXFileReference; lastKnownFileType = sourcecode.swift; path = ListRow.swift; sourceTree = "<group>"; };
		C48D7BBA28C6FD3500634E38 /* FavsView.swift */ = {isa = PBXFileReference; lastKnownFileType = sourcecode.swift; path = FavsView.swift; sourceTree = "<group>"; };
		C48D7BBC28C6FD4100634E38 /* StatsView.swift */ = {isa = PBXFileReference; lastKnownFileType = sourcecode.swift; path = StatsView.swift; sourceTree = "<group>"; };
		C48D7BBE28C6FD4A00634E38 /* SearchView.swift */ = {isa = PBXFileReference; lastKnownFileType = sourcecode.swift; path = SearchView.swift; sourceTree = "<group>"; };
		C48D7BC128C6FDFC00634E38 /* MainTabView.swift */ = {isa = PBXFileReference; lastKnownFileType = sourcecode.swift; path = MainTabView.swift; sourceTree = "<group>"; };
		C48D7BC328C7243800634E38 /* RowPlayer.swift */ = {isa = PBXFileReference; lastKnownFileType = sourcecode.swift; path = RowPlayer.swift; sourceTree = "<group>"; };
		C4C2809328D4259B00B35487 /* Types.swift */ = {isa = PBXFileReference; lastKnownFileType = sourcecode.swift; path = Types.swift; sourceTree = "<group>"; };
		C4DA8FFC28C83C1D0067A1AB /* StatsFillerViewModel.swift */ = {isa = PBXFileReference; lastKnownFileType = sourcecode.swift; path = StatsFillerViewModel.swift; sourceTree = "<group>"; };
		C4DA8FFE28C847180067A1AB /* TotalRow.swift */ = {isa = PBXFileReference; lastKnownFileType = sourcecode.swift; path = TotalRow.swift; sourceTree = "<group>"; };
		C4DA900328C849FF0067A1AB /* PlayView.swift */ = {isa = PBXFileReference; lastKnownFileType = sourcecode.swift; path = PlayView.swift; sourceTree = "<group>"; };
		C4DA900528C852380067A1AB /* TabBar.swift */ = {isa = PBXFileReference; lastKnownFileType = sourcecode.swift; path = TabBar.swift; sourceTree = "<group>"; };
		C4DA900F28C87EC50067A1AB /* ActivityView.swift */ = {isa = PBXFileReference; lastKnownFileType = sourcecode.swift; path = ActivityView.swift; sourceTree = "<group>"; };
		C4DA901128C883F90067A1AB /* GoogleService-Info.plist */ = {isa = PBXFileReference; fileEncoding = 4; lastKnownFileType = text.plist.xml; path = "GoogleService-Info.plist"; sourceTree = "<group>"; };
/* End PBXFileReference section */

/* Begin PBXFrameworksBuildPhase section */
		C48D7B3528C5EB9000634E38 /* Frameworks */ = {
			isa = PBXFrameworksBuildPhase;
			buildActionMask = 2147483647;
			files = (
				C462939F28C887CC00F8D1A9 /* FirebaseDatabaseSwift in Frameworks */,
				C46293A128C887CC00F8D1A9 /* FirebaseFirestore in Frameworks */,
				C42024B528CA37EA00468B70 /* Kingfisher in Frameworks */,
				C462939D28C887CC00F8D1A9 /* FirebaseDatabase in Frameworks */,
				C46293A328C887CC00F8D1A9 /* FirebaseStorage in Frameworks */,
				C462939B28C887CC00F8D1A9 /* FirebaseAuth in Frameworks */,
				C46293AA28C88BD700F8D1A9 /* FirebaseFirestoreSwift in Frameworks */,
			);
			runOnlyForDeploymentPostprocessing = 0;
		};
		C48D7B4528C5EB9100634E38 /* Frameworks */ = {
			isa = PBXFrameworksBuildPhase;
			buildActionMask = 2147483647;
			files = (
			);
			runOnlyForDeploymentPostprocessing = 0;
		};
		C48D7B4F28C5EB9100634E38 /* Frameworks */ = {
			isa = PBXFrameworksBuildPhase;
			buildActionMask = 2147483647;
			files = (
			);
			runOnlyForDeploymentPostprocessing = 0;
		};
/* End PBXFrameworksBuildPhase section */

/* Begin PBXGroup section */
		C42024B028C9E40700468B70 /* Utils */ = {
			isa = PBXGroup;
			children = (
				C42024B128C9E41500468B70 /* ImagePicker.swift */,
				C465E88C28D1D7F20088016A /* FileManager.swift */,
				C42107CE28D99CAC00A0B104 /* AudioPicker.swift */,
			);
			path = Utils;
			sourceTree = "<group>";
		};
		C42107D028D9A5E400A0B104 /* AddSong */ = {
			isa = PBXGroup;
			children = (
				C42107D228D9A5FD00A0B104 /* ModelView */,
				C42107D128D9A5F900A0B104 /* View */,
			);
			path = AddSong;
			sourceTree = "<group>";
		};
		C42107D128D9A5F900A0B104 /* View */ = {
			isa = PBXGroup;
			children = (
				C42107D528D9A62D00A0B104 /* AddSongView.swift */,
			);
			path = View;
			sourceTree = "<group>";
		};
		C42107D228D9A5FD00A0B104 /* ModelView */ = {
			isa = PBXGroup;
			children = (
				C400916628DB0973004B524A /* AddSongViewModel.swift */,
			);
			path = ModelView;
			sourceTree = "<group>";
		};
		C482EB4B28C82D0D00ADAE41 /* Setting */ = {
			isa = PBXGroup;
			children = (
				C482EB4C28C82D1100ADAE41 /* View */,
				C482EB4D28C82D1400ADAE41 /* ViewModel */,
			);
			path = Setting;
			sourceTree = "<group>";
		};
		C482EB4C28C82D1100ADAE41 /* View */ = {
			isa = PBXGroup;
			children = (
				C482EB4E28C82D5000ADAE41 /* SettingView.swift */,
				C42024AA28C9D5F700468B70 /* EditProfileView.swift */,
				C42024AC28C9DA1700468B70 /* ChangePasswordView.swift */,
			);
			path = View;
			sourceTree = "<group>";
		};
		C482EB4D28C82D1400ADAE41 /* ViewModel */ = {
			isa = PBXGroup;
			children = (
			);
			path = ViewModel;
			sourceTree = "<group>";
		};
		C48D7B2F28C5EB9000634E38 = {
			isa = PBXGroup;
			children = (
				C48D7B3A28C5EB9000634E38 /* Chillkra */,
				C48D7B4B28C5EB9100634E38 /* ChillkraTests */,
				C48D7B5528C5EB9100634E38 /* ChillkraUITests */,
				C48D7B3928C5EB9000634E38 /* Products */,
			);
			sourceTree = "<group>";
		};
		C48D7B3928C5EB9000634E38 /* Products */ = {
			isa = PBXGroup;
			children = (
				C48D7B3828C5EB9000634E38 /* Chillkra.app */,
				C48D7B4828C5EB9100634E38 /* ChillkraTests.xctest */,
				C48D7B5228C5EB9100634E38 /* ChillkraUITests.xctest */,
			);
			name = Products;
			sourceTree = "<group>";
		};
		C48D7B3A28C5EB9000634E38 /* Chillkra */ = {
			isa = PBXGroup;
			children = (
				C42024B028C9E40700468B70 /* Utils */,
				C48D7B6A28C5EBCB00634E38 /* Extensions */,
				C48D7B6828C5EBBF00634E38 /* Service */,
				C48D7B6928C5EBC500634E38 /* Model */,
				C48D7B6C28C5EC0100634E38 /* Components */,
				C48D7B6B28C5EBD600634E38 /* Core */,
				C4DA901128C883F90067A1AB /* GoogleService-Info.plist */,
				C48D7B9428C5ED6F00634E38 /* Info.plist */,
				C48D7B6728C5EBB900634E38 /* Font */,
				C48D7B3B28C5EB9000634E38 /* ChillkraApp.swift */,
				C48D7B3D28C5EB9000634E38 /* ContentView.swift */,
				C48D7B9328C5EC7400634E38 /* New Group */,
				C48D7B3F28C5EB9100634E38 /* Assets.xcassets */,
				C48D7B4128C5EB9100634E38 /* Preview Content */,
			);
			path = Chillkra;
			sourceTree = "<group>";
		};
		C48D7B4128C5EB9100634E38 /* Preview Content */ = {
			isa = PBXGroup;
			children = (
				C48D7B4228C5EB9100634E38 /* Preview Assets.xcassets */,
			);
			path = "Preview Content";
			sourceTree = "<group>";
		};
		C48D7B4B28C5EB9100634E38 /* ChillkraTests */ = {
			isa = PBXGroup;
			children = (
				C48D7B4C28C5EB9100634E38 /* ChillkraTests.swift */,
			);
			path = ChillkraTests;
			sourceTree = "<group>";
		};
		C48D7B5528C5EB9100634E38 /* ChillkraUITests */ = {
			isa = PBXGroup;
			children = (
				C48D7B5628C5EB9100634E38 /* ChillkraUITests.swift */,
				C48D7B5828C5EB9100634E38 /* ChillkraUITestsLaunchTests.swift */,
			);
			path = ChillkraUITests;
			sourceTree = "<group>";
		};
		C48D7B6728C5EBB900634E38 /* Font */ = {
			isa = PBXGroup;
			children = (
				C48D7B7328C5EC5700634E38 /* josefin-sans */,
				C48D7B7F28C5EC5700634E38 /* kalam */,
			);
			path = Font;
			sourceTree = "<group>";
		};
		C48D7B6828C5EBBF00634E38 /* Service */ = {
			isa = PBXGroup;
			children = (
				C465E88828D038900088016A /* SongDownload.swift */,
				C46293AB28C8A43D00F8D1A9 /* UserService.swift */,
				C42024AE28C9E3CE00468B70 /* ImageUploader.swift */,
				C42024B828CAF78300468B70 /* SongService.swift */,
				C42107C528D94D2C00A0B104 /* SongStore.swift */,
			);
			path = Service;
			sourceTree = "<group>";
		};
		C48D7B6928C5EBC500634E38 /* Model */ = {
			isa = PBXGroup;
			children = (
				C46293A628C88A1400F8D1A9 /* User.swift */,
				C42024B628CAF68F00468B70 /* Song.swift */,
				C4C2809328D4259B00B35487 /* Types.swift */,
				C42107CC28D95FB500A0B104 /* EType.swift */,
			);
			path = Model;
			sourceTree = "<group>";
		};
		C48D7B6A28C5EBCB00634E38 /* Extensions */ = {
			isa = PBXGroup;
			children = (
			);
			path = Extensions;
			sourceTree = "<group>";
		};
		C48D7B6B28C5EBD600634E38 /* Core */ = {
			isa = PBXGroup;
			children = (
				C42107D028D9A5E400A0B104 /* AddSong */,
				C48D7B6D28C5EC0B00634E38 /* Authentication */,
				C4DA900028C849360067A1AB /* Played */,
				C482EB4B28C82D0D00ADAE41 /* Setting */,
				C48D7BC028C6FDEF00634E38 /* MainTab */,
				C48D7BA928C6D98D00634E38 /* Favs */,
				C48D7BA828C6D98C00634E38 /* Stats */,
				C48D7BA728C6D98B00634E38 /* Search */,
				C48D7BA628C6D98900634E38 /* Main */,
				C48D7B9F28C6D7BD00634E38 /* Splash */,
			);
			path = Core;
			sourceTree = "<group>";
		};
		C48D7B6C28C5EC0100634E38 /* Components */ = {
			isa = PBXGroup;
			children = (
				C482EB4528C731DA00ADAE41 /* SearchBar.swift */,
				C48D7B9528C5EE6A00634E38 /* CustomFonts.swift */,
				C48D7B9728C6137400634E38 /* CustomSize.swift */,
				C48D7B9B28C6348E00634E38 /* HeaderView.swift */,
				C4DA900528C852380067A1AB /* TabBar.swift */,
			);
			path = Components;
			sourceTree = "<group>";
		};
		C48D7B6D28C5EC0B00634E38 /* Authentication */ = {
			isa = PBXGroup;
			children = (
				C48D7B6F28C5EC1200634E38 /* ViewModel */,
				C48D7B6E28C5EC0F00634E38 /* View */,
			);
			path = Authentication;
			sourceTree = "<group>";
		};
		C48D7B6E28C5EC0F00634E38 /* View */ = {
			isa = PBXGroup;
			children = (
				C48D7B7128C5EC2600634E38 /* LoginView.swift */,
				C48D7B9928C61CB500634E38 /* TitleView.swift */,
				C48D7B9D28C6361A00634E38 /* SignUpView.swift */,
			);
			path = View;
			sourceTree = "<group>";
		};
		C48D7B6F28C5EC1200634E38 /* ViewModel */ = {
			isa = PBXGroup;
			children = (
				C46293A428C8896D00F8D1A9 /* AuthViewModel.swift */,
			);
			path = ViewModel;
			sourceTree = "<group>";
		};
		C48D7B7328C5EC5700634E38 /* josefin-sans */ = {
			isa = PBXGroup;
			children = (
				C48D7B7428C5EC5700634E38 /* JosefinSans-Italic.ttf */,
				C48D7B7528C5EC5700634E38 /* JosefinSans-Thin.ttf */,
				C48D7B7628C5EC5700634E38 /* JosefinSans-Bold.ttf */,
				C48D7B7728C5EC5700634E38 /* JosefinSans-Light.ttf */,
				C48D7B7828C5EC5700634E38 /* JosefinSans-LightItalic.ttf */,
				C48D7B7928C5EC5700634E38 /* JosefinSans-SemiBold.ttf */,
				C48D7B7A28C5EC5700634E38 /* JosefinSans-Regular.ttf */,
				C48D7B7B28C5EC5700634E38 /* OFL.txt */,
				C48D7B7C28C5EC5700634E38 /* JosefinSans-BoldItalic.ttf */,
				C48D7B7D28C5EC5700634E38 /* JosefinSans-ThinItalic.ttf */,
				C48D7B7E28C5EC5700634E38 /* JosefinSans-SemiBoldItalic.ttf */,
			);
			path = "josefin-sans";
			sourceTree = "<group>";
		};
		C48D7B7F28C5EC5700634E38 /* kalam */ = {
			isa = PBXGroup;
			children = (
				C48D7B8028C5EC5700634E38 /* Kalam-Regular.ttf */,
				C48D7B8128C5EC5700634E38 /* Kalam-Light.ttf */,
				C48D7B8228C5EC5700634E38 /* Kalam-Bold.ttf */,
			);
			path = kalam;
			sourceTree = "<group>";
		};
		C48D7B9328C5EC7400634E38 /* New Group */ = {
			isa = PBXGroup;
			children = (
			);
			path = "New Group";
			sourceTree = "<group>";
		};
		C48D7B9F28C6D7BD00634E38 /* Splash */ = {
			isa = PBXGroup;
			children = (
				C48D7BA128C6D7C300634E38 /* View */,
				C48D7BA028C6D7C100634E38 /* ModelView */,
			);
			path = Splash;
			sourceTree = "<group>";
		};
		C48D7BA028C6D7C100634E38 /* ModelView */ = {
			isa = PBXGroup;
			children = (
			);
			path = ModelView;
			sourceTree = "<group>";
		};
		C48D7BA128C6D7C300634E38 /* View */ = {
			isa = PBXGroup;
			children = (
				C48D7BA328C6D7DC00634E38 /* SplashView.swift */,
			);
			path = View;
			sourceTree = "<group>";
		};
		C48D7BA628C6D98900634E38 /* Main */ = {
			isa = PBXGroup;
			children = (
				C48D7BAB28C6D9BF00634E38 /* View */,
				C48D7BAA28C6D9BD00634E38 /* ViewModel */,
			);
			path = Main;
			sourceTree = "<group>";
		};
		C48D7BA728C6D98B00634E38 /* Search */ = {
			isa = PBXGroup;
			children = (
				C48D7BB528C6FADA00634E38 /* View */,
				C48D7BB428C6FAD900634E38 /* ViewModel */,
			);
			path = Search;
			sourceTree = "<group>";
		};
		C48D7BA828C6D98C00634E38 /* Stats */ = {
			isa = PBXGroup;
			children = (
				C48D7BB728C6FADD00634E38 /* View */,
				C48D7BB628C6FADC00634E38 /* ViewModel */,
			);
			path = Stats;
			sourceTree = "<group>";
		};
		C48D7BA928C6D98D00634E38 /* Favs */ = {
			isa = PBXGroup;
			children = (
				C48D7BB928C6FAE000634E38 /* View */,
				C48D7BB828C6FADE00634E38 /* ViewModel */,
			);
			path = Favs;
			sourceTree = "<group>";
		};
		C48D7BAA28C6D9BD00634E38 /* ViewModel */ = {
			isa = PBXGroup;
			children = (
				C465E88A28D067420088016A /* MainViewModel.swift */,
			);
			path = ViewModel;
			sourceTree = "<group>";
		};
		C48D7BAB28C6D9BF00634E38 /* View */ = {
			isa = PBXGroup;
			children = (
				C48D7BAC28C6D9D200634E38 /* MainView.swift */,
				C48D7BAE28C6DAEC00634E38 /* MusicRow.swift */,
				C48D7BB028C6E49700634E38 /* FeelRow.swift */,
				C48D7BB228C6F1C500634E38 /* ListRow.swift */,
			);
			path = View;
			sourceTree = "<group>";
		};
		C48D7BB428C6FAD900634E38 /* ViewModel */ = {
			isa = PBXGroup;
			children = (
			);
			path = ViewModel;
			sourceTree = "<group>";
		};
		C48D7BB528C6FADA00634E38 /* View */ = {
			isa = PBXGroup;
			children = (
				C48D7BBE28C6FD4A00634E38 /* SearchView.swift */,
				C482EB4728C7373400ADAE41 /* SearchRow.swift */,
			);
			path = View;
			sourceTree = "<group>";
		};
		C48D7BB628C6FADC00634E38 /* ViewModel */ = {
			isa = PBXGroup;
			children = (
				C4DA8FFC28C83C1D0067A1AB /* StatsFillerViewModel.swift */,
			);
			path = ViewModel;
			sourceTree = "<group>";
		};
		C48D7BB728C6FADD00634E38 /* View */ = {
			isa = PBXGroup;
			children = (
				C48D7BBC28C6FD4100634E38 /* StatsView.swift */,
				C4DA8FFE28C847180067A1AB /* TotalRow.swift */,
				C4DA900F28C87EC50067A1AB /* ActivityView.swift */,
			);
			path = View;
			sourceTree = "<group>";
		};
		C48D7BB828C6FADE00634E38 /* ViewModel */ = {
			isa = PBXGroup;
			children = (
			);
			path = ViewModel;
			sourceTree = "<group>";
		};
		C48D7BB928C6FAE000634E38 /* View */ = {
			isa = PBXGroup;
			children = (
				C48D7BBA28C6FD3500634E38 /* FavsView.swift */,
				C482EB4928C7868E00ADAE41 /* FavsRow.swift */,
			);
			path = View;
			sourceTree = "<group>";
		};
		C48D7BC028C6FDEF00634E38 /* MainTab */ = {
			isa = PBXGroup;
			children = (
				C48D7BC128C6FDFC00634E38 /* MainTabView.swift */,
				C48D7BC328C7243800634E38 /* RowPlayer.swift */,
			);
			path = MainTab;
			sourceTree = "<group>";
		};
		C4DA900028C849360067A1AB /* Played */ = {
			isa = PBXGroup;
			children = (
				C4DA900228C849400067A1AB /* View */,
				C4DA900128C8493F0067A1AB /* ViewModel */,
			);
			path = Played;
			sourceTree = "<group>";
		};
		C4DA900128C8493F0067A1AB /* ViewModel */ = {
			isa = PBXGroup;
			children = (
			);
			path = ViewModel;
			sourceTree = "<group>";
		};
		C4DA900228C849400067A1AB /* View */ = {
			isa = PBXGroup;
			children = (
				C4DA900328C849FF0067A1AB /* PlayView.swift */,
			);
			path = View;
			sourceTree = "<group>";
		};
/* End PBXGroup section */

/* Begin PBXNativeTarget section */
		C48D7B3728C5EB9000634E38 /* Chillkra */ = {
			isa = PBXNativeTarget;
			buildConfigurationList = C48D7B5C28C5EB9100634E38 /* Build configuration list for PBXNativeTarget "Chillkra" */;
			buildPhases = (
				C48D7B3428C5EB9000634E38 /* Sources */,
				C48D7B3528C5EB9000634E38 /* Frameworks */,
				C48D7B3628C5EB9000634E38 /* Resources */,
			);
			buildRules = (
			);
			dependencies = (
			);
			name = Chillkra;
			packageProductDependencies = (
				C462939A28C887CC00F8D1A9 /* FirebaseAuth */,
				C462939C28C887CC00F8D1A9 /* FirebaseDatabase */,
				C462939E28C887CC00F8D1A9 /* FirebaseDatabaseSwift */,
				C46293A028C887CC00F8D1A9 /* FirebaseFirestore */,
				C46293A228C887CC00F8D1A9 /* FirebaseStorage */,
				C46293A928C88BD700F8D1A9 /* FirebaseFirestoreSwift */,
				C42024B428CA37EA00468B70 /* Kingfisher */,
			);
			productName = Chillkra;
			productReference = C48D7B3828C5EB9000634E38 /* Chillkra.app */;
			productType = "com.apple.product-type.application";
		};
		C48D7B4728C5EB9100634E38 /* ChillkraTests */ = {
			isa = PBXNativeTarget;
			buildConfigurationList = C48D7B5F28C5EB9100634E38 /* Build configuration list for PBXNativeTarget "ChillkraTests" */;
			buildPhases = (
				C48D7B4428C5EB9100634E38 /* Sources */,
				C48D7B4528C5EB9100634E38 /* Frameworks */,
				C48D7B4628C5EB9100634E38 /* Resources */,
			);
			buildRules = (
			);
			dependencies = (
				C48D7B4A28C5EB9100634E38 /* PBXTargetDependency */,
			);
			name = ChillkraTests;
			productName = ChillkraTests;
			productReference = C48D7B4828C5EB9100634E38 /* ChillkraTests.xctest */;
			productType = "com.apple.product-type.bundle.unit-test";
		};
		C48D7B5128C5EB9100634E38 /* ChillkraUITests */ = {
			isa = PBXNativeTarget;
			buildConfigurationList = C48D7B6228C5EB9100634E38 /* Build configuration list for PBXNativeTarget "ChillkraUITests" */;
			buildPhases = (
				C48D7B4E28C5EB9100634E38 /* Sources */,
				C48D7B4F28C5EB9100634E38 /* Frameworks */,
				C48D7B5028C5EB9100634E38 /* Resources */,
			);
			buildRules = (
			);
			dependencies = (
				C48D7B5428C5EB9100634E38 /* PBXTargetDependency */,
			);
			name = ChillkraUITests;
			productName = ChillkraUITests;
			productReference = C48D7B5228C5EB9100634E38 /* ChillkraUITests.xctest */;
			productType = "com.apple.product-type.bundle.ui-testing";
		};
/* End PBXNativeTarget section */

/* Begin PBXProject section */
		C48D7B3028C5EB9000634E38 /* Project object */ = {
			isa = PBXProject;
			attributes = {
				BuildIndependentTargetsInParallel = 1;
				LastSwiftUpdateCheck = 1340;
				LastUpgradeCheck = 1340;
				TargetAttributes = {
					C48D7B3728C5EB9000634E38 = {
						CreatedOnToolsVersion = 13.4.1;
					};
					C48D7B4728C5EB9100634E38 = {
						CreatedOnToolsVersion = 13.4.1;
						TestTargetID = C48D7B3728C5EB9000634E38;
					};
					C48D7B5128C5EB9100634E38 = {
						CreatedOnToolsVersion = 13.4.1;
						TestTargetID = C48D7B3728C5EB9000634E38;
					};
				};
			};
			buildConfigurationList = C48D7B3328C5EB9000634E38 /* Build configuration list for PBXProject "Chillkra" */;
			compatibilityVersion = "Xcode 13.0";
			developmentRegion = en;
			hasScannedForEncodings = 0;
			knownRegions = (
				en,
				Base,
			);
			mainGroup = C48D7B2F28C5EB9000634E38;
			packageReferences = (
				C462939928C887CC00F8D1A9 /* XCRemoteSwiftPackageReference "firebase-ios-sdk" */,
				C46293A828C88BD700F8D1A9 /* XCRemoteSwiftPackageReference "firebase-ios-sdk" */,
				C42024B328CA37EA00468B70 /* XCRemoteSwiftPackageReference "Kingfisher" */,
			);
			productRefGroup = C48D7B3928C5EB9000634E38 /* Products */;
			projectDirPath = "";
			projectRoot = "";
			targets = (
				C48D7B3728C5EB9000634E38 /* Chillkra */,
				C48D7B4728C5EB9100634E38 /* ChillkraTests */,
				C48D7B5128C5EB9100634E38 /* ChillkraUITests */,
			);
		};
/* End PBXProject section */

/* Begin PBXResourcesBuildPhase section */
		C48D7B3628C5EB9000634E38 /* Resources */ = {
			isa = PBXResourcesBuildPhase;
			buildActionMask = 2147483647;
			files = (
				C48D7B8B28C5EC5700634E38 /* OFL.txt in Resources */,
				C48D7B4328C5EB9100634E38 /* Preview Assets.xcassets in Resources */,
				C48D7B4028C5EB9100634E38 /* Assets.xcassets in Resources */,
				C48D7B8828C5EC5700634E38 /* JosefinSans-LightItalic.ttf in Resources */,
				C48D7B8928C5EC5700634E38 /* JosefinSans-SemiBold.ttf in Resources */,
				C48D7B8428C5EC5700634E38 /* JosefinSans-Italic.ttf in Resources */,
				C48D7B9028C5EC5700634E38 /* Kalam-Light.ttf in Resources */,
				C48D7B8728C5EC5700634E38 /* JosefinSans-Light.ttf in Resources */,
				C48D7B8528C5EC5700634E38 /* JosefinSans-Thin.ttf in Resources */,
				C48D7B8E28C5EC5700634E38 /* JosefinSans-SemiBoldItalic.ttf in Resources */,
				C48D7B8A28C5EC5700634E38 /* JosefinSans-Regular.ttf in Resources */,
				C48D7B8F28C5EC5700634E38 /* Kalam-Regular.ttf in Resources */,
				C48D7B8628C5EC5700634E38 /* JosefinSans-Bold.ttf in Resources */,
				C48D7B8C28C5EC5700634E38 /* JosefinSans-BoldItalic.ttf in Resources */,
				C4DA901228C883F90067A1AB /* GoogleService-Info.plist in Resources */,
				C48D7B9128C5EC5700634E38 /* Kalam-Bold.ttf in Resources */,
				C48D7B8D28C5EC5700634E38 /* JosefinSans-ThinItalic.ttf in Resources */,
			);
			runOnlyForDeploymentPostprocessing = 0;
		};
		C48D7B4628C5EB9100634E38 /* Resources */ = {
			isa = PBXResourcesBuildPhase;
			buildActionMask = 2147483647;
			files = (
			);
			runOnlyForDeploymentPostprocessing = 0;
		};
		C48D7B5028C5EB9100634E38 /* Resources */ = {
			isa = PBXResourcesBuildPhase;
			buildActionMask = 2147483647;
			files = (
			);
			runOnlyForDeploymentPostprocessing = 0;
		};
/* End PBXResourcesBuildPhase section */

/* Begin PBXSourcesBuildPhase section */
		C48D7B3428C5EB9000634E38 /* Sources */ = {
			isa = PBXSourcesBuildPhase;
			buildActionMask = 2147483647;
			files = (
				C482EB4A28C7868E00ADAE41 /* FavsRow.swift in Sources */,
				C42107CD28D95FB500A0B104 /* EType.swift in Sources */,
				C48D7BB328C6F1C500634E38 /* ListRow.swift in Sources */,
				C48D7B7228C5EC2600634E38 /* LoginView.swift in Sources */,
				C42024B228C9E41500468B70 /* ImagePicker.swift in Sources */,
				C48D7B9628C5EE6A00634E38 /* CustomFonts.swift in Sources */,
				C48D7B9828C6137400634E38 /* CustomSize.swift in Sources */,
				C48D7BAD28C6D9D200634E38 /* MainView.swift in Sources */,
				C48D7B3E28C5EB9000634E38 /* ContentView.swift in Sources */,
				C42024B928CAF78300468B70 /* SongService.swift in Sources */,
				C42024AD28C9DA1700468B70 /* ChangePasswordView.swift in Sources */,
				C465E88928D038900088016A /* SongDownload.swift in Sources */,
				C48D7B9E28C6361A00634E38 /* SignUpView.swift in Sources */,
				C400916728DB0973004B524A /* AddSongViewModel.swift in Sources */,
				C46293A728C88A1400F8D1A9 /* User.swift in Sources */,
				C465E88B28D067420088016A /* MainViewModel.swift in Sources */,
				C48D7BC428C7243800634E38 /* RowPlayer.swift in Sources */,
				C4C2809428D4259B00B35487 /* Types.swift in Sources */,
				C48D7B3C28C5EB9000634E38 /* ChillkraApp.swift in Sources */,
				C48D7B9A28C61CB500634E38 /* TitleView.swift in Sources */,
				C48D7BC228C6FDFC00634E38 /* MainTabView.swift in Sources */,
				C42024AF28C9E3CE00468B70 /* ImageUploader.swift in Sources */,
				C42107CF28D99CAC00A0B104 /* AudioPicker.swift in Sources */,
				C4DA8FFF28C847180067A1AB /* TotalRow.swift in Sources */,
				C48D7BB128C6E49700634E38 /* FeelRow.swift in Sources */,
				C42107C628D94D2C00A0B104 /* SongStore.swift in Sources */,
				C465E88D28D1D7F20088016A /* FileManager.swift in Sources */,
				C4DA901028C87EC50067A1AB /* ActivityView.swift in Sources */,
				C48D7B9C28C6348E00634E38 /* HeaderView.swift in Sources */,
				C4DA8FFD28C83C1D0067A1AB /* StatsFillerViewModel.swift in Sources */,
				C48D7BBD28C6FD4100634E38 /* StatsView.swift in Sources */,
				C48D7BBF28C6FD4A00634E38 /* SearchView.swift in Sources */,
				C4DA900428C849FF0067A1AB /* PlayView.swift in Sources */,
				C42024AB28C9D5F700468B70 /* EditProfileView.swift in Sources */,
				C482EB4628C731DA00ADAE41 /* SearchBar.swift in Sources */,
				C482EB4828C7373400ADAE41 /* SearchRow.swift in Sources */,
				C48D7BA428C6D7DC00634E38 /* SplashView.swift in Sources */,
				C48D7BBB28C6FD3500634E38 /* FavsView.swift in Sources */,
				C46293A528C8896D00F8D1A9 /* AuthViewModel.swift in Sources */,
				C46293AC28C8A43D00F8D1A9 /* UserService.swift in Sources */,
				C4DA900628C852380067A1AB /* TabBar.swift in Sources */,
				C42024B728CAF68F00468B70 /* Song.swift in Sources */,
				C48D7BAF28C6DAEC00634E38 /* MusicRow.swift in Sources */,
				C482EB4F28C82D5000ADAE41 /* SettingView.swift in Sources */,
				C42107D628D9A62D00A0B104 /* AddSongView.swift in Sources */,
			);
			runOnlyForDeploymentPostprocessing = 0;
		};
		C48D7B4428C5EB9100634E38 /* Sources */ = {
			isa = PBXSourcesBuildPhase;
			buildActionMask = 2147483647;
			files = (
				C48D7B4D28C5EB9100634E38 /* ChillkraTests.swift in Sources */,
			);
			runOnlyForDeploymentPostprocessing = 0;
		};
		C48D7B4E28C5EB9100634E38 /* Sources */ = {
			isa = PBXSourcesBuildPhase;
			buildActionMask = 2147483647;
			files = (
				C48D7B5928C5EB9100634E38 /* ChillkraUITestsLaunchTests.swift in Sources */,
				C48D7B5728C5EB9100634E38 /* ChillkraUITests.swift in Sources */,
			);
			runOnlyForDeploymentPostprocessing = 0;
		};
/* End PBXSourcesBuildPhase section */

/* Begin PBXTargetDependency section */
		C48D7B4A28C5EB9100634E38 /* PBXTargetDependency */ = {
			isa = PBXTargetDependency;
			target = C48D7B3728C5EB9000634E38 /* Chillkra */;
			targetProxy = C48D7B4928C5EB9100634E38 /* PBXContainerItemProxy */;
		};
		C48D7B5428C5EB9100634E38 /* PBXTargetDependency */ = {
			isa = PBXTargetDependency;
			target = C48D7B3728C5EB9000634E38 /* Chillkra */;
			targetProxy = C48D7B5328C5EB9100634E38 /* PBXContainerItemProxy */;
		};
/* End PBXTargetDependency section */

/* Begin XCBuildConfiguration section */
		C48D7B5A28C5EB9100634E38 /* Debug */ = {
			isa = XCBuildConfiguration;
			buildSettings = {
				ALWAYS_SEARCH_USER_PATHS = NO;
				CLANG_ANALYZER_NONNULL = YES;
				CLANG_ANALYZER_NUMBER_OBJECT_CONVERSION = YES_AGGRESSIVE;
				CLANG_CXX_LANGUAGE_STANDARD = "gnu++17";
				CLANG_ENABLE_MODULES = YES;
				CLANG_ENABLE_OBJC_ARC = YES;
				CLANG_ENABLE_OBJC_WEAK = YES;
				CLANG_WARN_BLOCK_CAPTURE_AUTORELEASING = YES;
				CLANG_WARN_BOOL_CONVERSION = YES;
				CLANG_WARN_COMMA = YES;
				CLANG_WARN_CONSTANT_CONVERSION = YES;
				CLANG_WARN_DEPRECATED_OBJC_IMPLEMENTATIONS = YES;
				CLANG_WARN_DIRECT_OBJC_ISA_USAGE = YES_ERROR;
				CLANG_WARN_DOCUMENTATION_COMMENTS = YES;
				CLANG_WARN_EMPTY_BODY = YES;
				CLANG_WARN_ENUM_CONVERSION = YES;
				CLANG_WARN_INFINITE_RECURSION = YES;
				CLANG_WARN_INT_CONVERSION = YES;
				CLANG_WARN_NON_LITERAL_NULL_CONVERSION = YES;
				CLANG_WARN_OBJC_IMPLICIT_RETAIN_SELF = YES;
				CLANG_WARN_OBJC_LITERAL_CONVERSION = YES;
				CLANG_WARN_OBJC_ROOT_CLASS = YES_ERROR;
				CLANG_WARN_QUOTED_INCLUDE_IN_FRAMEWORK_HEADER = YES;
				CLANG_WARN_RANGE_LOOP_ANALYSIS = YES;
				CLANG_WARN_STRICT_PROTOTYPES = YES;
				CLANG_WARN_SUSPICIOUS_MOVE = YES;
				CLANG_WARN_UNGUARDED_AVAILABILITY = YES_AGGRESSIVE;
				CLANG_WARN_UNREACHABLE_CODE = YES;
				CLANG_WARN__DUPLICATE_METHOD_MATCH = YES;
				COPY_PHASE_STRIP = NO;
				DEBUG_INFORMATION_FORMAT = dwarf;
				ENABLE_STRICT_OBJC_MSGSEND = YES;
				ENABLE_TESTABILITY = YES;
				GCC_C_LANGUAGE_STANDARD = gnu11;
				GCC_DYNAMIC_NO_PIC = NO;
				GCC_NO_COMMON_BLOCKS = YES;
				GCC_OPTIMIZATION_LEVEL = 0;
				GCC_PREPROCESSOR_DEFINITIONS = (
					"DEBUG=1",
					"$(inherited)",
				);
				GCC_WARN_64_TO_32_BIT_CONVERSION = YES;
				GCC_WARN_ABOUT_RETURN_TYPE = YES_ERROR;
				GCC_WARN_UNDECLARED_SELECTOR = YES;
				GCC_WARN_UNINITIALIZED_AUTOS = YES_AGGRESSIVE;
				GCC_WARN_UNUSED_FUNCTION = YES;
				GCC_WARN_UNUSED_VARIABLE = YES;
				IPHONEOS_DEPLOYMENT_TARGET = 15.5;
				MTL_ENABLE_DEBUG_INFO = INCLUDE_SOURCE;
				MTL_FAST_MATH = YES;
				ONLY_ACTIVE_ARCH = YES;
				SDKROOT = iphoneos;
				SWIFT_ACTIVE_COMPILATION_CONDITIONS = DEBUG;
				SWIFT_OPTIMIZATION_LEVEL = "-Onone";
			};
			name = Debug;
		};
		C48D7B5B28C5EB9100634E38 /* Release */ = {
			isa = XCBuildConfiguration;
			buildSettings = {
				ALWAYS_SEARCH_USER_PATHS = NO;
				CLANG_ANALYZER_NONNULL = YES;
				CLANG_ANALYZER_NUMBER_OBJECT_CONVERSION = YES_AGGRESSIVE;
				CLANG_CXX_LANGUAGE_STANDARD = "gnu++17";
				CLANG_ENABLE_MODULES = YES;
				CLANG_ENABLE_OBJC_ARC = YES;
				CLANG_ENABLE_OBJC_WEAK = YES;
				CLANG_WARN_BLOCK_CAPTURE_AUTORELEASING = YES;
				CLANG_WARN_BOOL_CONVERSION = YES;
				CLANG_WARN_COMMA = YES;
				CLANG_WARN_CONSTANT_CONVERSION = YES;
				CLANG_WARN_DEPRECATED_OBJC_IMPLEMENTATIONS = YES;
				CLANG_WARN_DIRECT_OBJC_ISA_USAGE = YES_ERROR;
				CLANG_WARN_DOCUMENTATION_COMMENTS = YES;
				CLANG_WARN_EMPTY_BODY = YES;
				CLANG_WARN_ENUM_CONVERSION = YES;
				CLANG_WARN_INFINITE_RECURSION = YES;
				CLANG_WARN_INT_CONVERSION = YES;
				CLANG_WARN_NON_LITERAL_NULL_CONVERSION = YES;
				CLANG_WARN_OBJC_IMPLICIT_RETAIN_SELF = YES;
				CLANG_WARN_OBJC_LITERAL_CONVERSION = YES;
				CLANG_WARN_OBJC_ROOT_CLASS = YES_ERROR;
				CLANG_WARN_QUOTED_INCLUDE_IN_FRAMEWORK_HEADER = YES;
				CLANG_WARN_RANGE_LOOP_ANALYSIS = YES;
				CLANG_WARN_STRICT_PROTOTYPES = YES;
				CLANG_WARN_SUSPICIOUS_MOVE = YES;
				CLANG_WARN_UNGUARDED_AVAILABILITY = YES_AGGRESSIVE;
				CLANG_WARN_UNREACHABLE_CODE = YES;
				CLANG_WARN__DUPLICATE_METHOD_MATCH = YES;
				COPY_PHASE_STRIP = NO;
				DEBUG_INFORMATION_FORMAT = "dwarf-with-dsym";
				ENABLE_NS_ASSERTIONS = NO;
				ENABLE_STRICT_OBJC_MSGSEND = YES;
				GCC_C_LANGUAGE_STANDARD = gnu11;
				GCC_NO_COMMON_BLOCKS = YES;
				GCC_WARN_64_TO_32_BIT_CONVERSION = YES;
				GCC_WARN_ABOUT_RETURN_TYPE = YES_ERROR;
				GCC_WARN_UNDECLARED_SELECTOR = YES;
				GCC_WARN_UNINITIALIZED_AUTOS = YES_AGGRESSIVE;
				GCC_WARN_UNUSED_FUNCTION = YES;
				GCC_WARN_UNUSED_VARIABLE = YES;
				IPHONEOS_DEPLOYMENT_TARGET = 15.5;
				MTL_ENABLE_DEBUG_INFO = NO;
				MTL_FAST_MATH = YES;
				SDKROOT = iphoneos;
				SWIFT_COMPILATION_MODE = wholemodule;
				SWIFT_OPTIMIZATION_LEVEL = "-O";
				VALIDATE_PRODUCT = YES;
			};
			name = Release;
		};
		C48D7B5D28C5EB9100634E38 /* Debug */ = {
			isa = XCBuildConfiguration;
			buildSettings = {
				ASSETCATALOG_COMPILER_APPICON_NAME = AppIcon;
				ASSETCATALOG_COMPILER_GLOBAL_ACCENT_COLOR_NAME = AccentColor;
				CODE_SIGN_STYLE = Automatic;
				CURRENT_PROJECT_VERSION = 1;
				DEVELOPMENT_ASSET_PATHS = "\"Chillkra/Preview Content\"";
				DEVELOPMENT_TEAM = JZBZF2LXM3;
				ENABLE_PREVIEWS = YES;
				GENERATE_INFOPLIST_FILE = YES;
				INFOPLIST_FILE = Chillkra/Info.plist;
				INFOPLIST_KEY_UIApplicationSceneManifest_Generation = YES;
				INFOPLIST_KEY_UIApplicationSupportsIndirectInputEvents = YES;
				INFOPLIST_KEY_UILaunchScreen_Generation = YES;
				INFOPLIST_KEY_UISupportedInterfaceOrientations_iPad = "UIInterfaceOrientationPortrait UIInterfaceOrientationPortraitUpsideDown UIInterfaceOrientationLandscapeLeft UIInterfaceOrientationLandscapeRight";
				INFOPLIST_KEY_UISupportedInterfaceOrientations_iPhone = "UIInterfaceOrientationPortrait UIInterfaceOrientationLandscapeLeft UIInterfaceOrientationLandscapeRight";
				LD_RUNPATH_SEARCH_PATHS = (
					"$(inherited)",
					"@executable_path/Frameworks",
				);
				MARKETING_VERSION = 1.0;
				PRODUCT_BUNDLE_IDENTIFIER = Huy.Chillkra;
				PRODUCT_NAME = "$(TARGET_NAME)";
				SWIFT_EMIT_LOC_STRINGS = YES;
				SWIFT_VERSION = 5.0;
				TARGETED_DEVICE_FAMILY = "1,2";
			};
			name = Debug;
		};
		C48D7B5E28C5EB9100634E38 /* Release */ = {
			isa = XCBuildConfiguration;
			buildSettings = {
				ASSETCATALOG_COMPILER_APPICON_NAME = AppIcon;
				ASSETCATALOG_COMPILER_GLOBAL_ACCENT_COLOR_NAME = AccentColor;
				CODE_SIGN_STYLE = Automatic;
				CURRENT_PROJECT_VERSION = 1;
				DEVELOPMENT_ASSET_PATHS = "\"Chillkra/Preview Content\"";
				DEVELOPMENT_TEAM = JZBZF2LXM3;
				ENABLE_PREVIEWS = YES;
				GENERATE_INFOPLIST_FILE = YES;
				INFOPLIST_FILE = Chillkra/Info.plist;
				INFOPLIST_KEY_UIApplicationSceneManifest_Generation = YES;
				INFOPLIST_KEY_UIApplicationSupportsIndirectInputEvents = YES;
				INFOPLIST_KEY_UILaunchScreen_Generation = YES;
				INFOPLIST_KEY_UISupportedInterfaceOrientations_iPad = "UIInterfaceOrientationPortrait UIInterfaceOrientationPortraitUpsideDown UIInterfaceOrientationLandscapeLeft UIInterfaceOrientationLandscapeRight";
				INFOPLIST_KEY_UISupportedInterfaceOrientations_iPhone = "UIInterfaceOrientationPortrait UIInterfaceOrientationLandscapeLeft UIInterfaceOrientationLandscapeRight";
				LD_RUNPATH_SEARCH_PATHS = (
					"$(inherited)",
					"@executable_path/Frameworks",
				);
				MARKETING_VERSION = 1.0;
				PRODUCT_BUNDLE_IDENTIFIER = Huy.Chillkra;
				PRODUCT_NAME = "$(TARGET_NAME)";
				SWIFT_EMIT_LOC_STRINGS = YES;
				SWIFT_VERSION = 5.0;
				TARGETED_DEVICE_FAMILY = "1,2";
			};
			name = Release;
		};
		C48D7B6028C5EB9100634E38 /* Debug */ = {
			isa = XCBuildConfiguration;
			buildSettings = {
				ALWAYS_EMBED_SWIFT_STANDARD_LIBRARIES = YES;
				BUNDLE_LOADER = "$(TEST_HOST)";
				CODE_SIGN_STYLE = Automatic;
				CURRENT_PROJECT_VERSION = 1;
				DEVELOPMENT_TEAM = JZBZF2LXM3;
				GENERATE_INFOPLIST_FILE = YES;
				IPHONEOS_DEPLOYMENT_TARGET = 15.5;
				MARKETING_VERSION = 1.0;
				PRODUCT_BUNDLE_IDENTIFIER = Huy.ChillkraTests;
				PRODUCT_NAME = "$(TARGET_NAME)";
				SWIFT_EMIT_LOC_STRINGS = NO;
				SWIFT_VERSION = 5.0;
				TARGETED_DEVICE_FAMILY = "1,2";
				TEST_HOST = "$(BUILT_PRODUCTS_DIR)/Chillkra.app/Chillkra";
			};
			name = Debug;
		};
		C48D7B6128C5EB9100634E38 /* Release */ = {
			isa = XCBuildConfiguration;
			buildSettings = {
				ALWAYS_EMBED_SWIFT_STANDARD_LIBRARIES = YES;
				BUNDLE_LOADER = "$(TEST_HOST)";
				CODE_SIGN_STYLE = Automatic;
				CURRENT_PROJECT_VERSION = 1;
				DEVELOPMENT_TEAM = JZBZF2LXM3;
				GENERATE_INFOPLIST_FILE = YES;
				IPHONEOS_DEPLOYMENT_TARGET = 15.5;
				MARKETING_VERSION = 1.0;
				PRODUCT_BUNDLE_IDENTIFIER = Huy.ChillkraTests;
				PRODUCT_NAME = "$(TARGET_NAME)";
				SWIFT_EMIT_LOC_STRINGS = NO;
				SWIFT_VERSION = 5.0;
				TARGETED_DEVICE_FAMILY = "1,2";
				TEST_HOST = "$(BUILT_PRODUCTS_DIR)/Chillkra.app/Chillkra";
			};
			name = Release;
		};
		C48D7B6328C5EB9100634E38 /* Debug */ = {
			isa = XCBuildConfiguration;
			buildSettings = {
				ALWAYS_EMBED_SWIFT_STANDARD_LIBRARIES = YES;
				CODE_SIGN_STYLE = Automatic;
				CURRENT_PROJECT_VERSION = 1;
				DEVELOPMENT_TEAM = JZBZF2LXM3;
				GENERATE_INFOPLIST_FILE = YES;
				MARKETING_VERSION = 1.0;
				PRODUCT_BUNDLE_IDENTIFIER = Huy.ChillkraUITests;
				PRODUCT_NAME = "$(TARGET_NAME)";
				SWIFT_EMIT_LOC_STRINGS = NO;
				SWIFT_VERSION = 5.0;
				TARGETED_DEVICE_FAMILY = "1,2";
				TEST_TARGET_NAME = Chillkra;
			};
			name = Debug;
		};
		C48D7B6428C5EB9100634E38 /* Release */ = {
			isa = XCBuildConfiguration;
			buildSettings = {
				ALWAYS_EMBED_SWIFT_STANDARD_LIBRARIES = YES;
				CODE_SIGN_STYLE = Automatic;
				CURRENT_PROJECT_VERSION = 1;
				DEVELOPMENT_TEAM = JZBZF2LXM3;
				GENERATE_INFOPLIST_FILE = YES;
				MARKETING_VERSION = 1.0;
				PRODUCT_BUNDLE_IDENTIFIER = Huy.ChillkraUITests;
				PRODUCT_NAME = "$(TARGET_NAME)";
				SWIFT_EMIT_LOC_STRINGS = NO;
				SWIFT_VERSION = 5.0;
				TARGETED_DEVICE_FAMILY = "1,2";
				TEST_TARGET_NAME = Chillkra;
			};
			name = Release;
		};
/* End XCBuildConfiguration section */

/* Begin XCConfigurationList section */
		C48D7B3328C5EB9000634E38 /* Build configuration list for PBXProject "Chillkra" */ = {
			isa = XCConfigurationList;
			buildConfigurations = (
				C48D7B5A28C5EB9100634E38 /* Debug */,
				C48D7B5B28C5EB9100634E38 /* Release */,
			);
			defaultConfigurationIsVisible = 0;
			defaultConfigurationName = Release;
		};
		C48D7B5C28C5EB9100634E38 /* Build configuration list for PBXNativeTarget "Chillkra" */ = {
			isa = XCConfigurationList;
			buildConfigurations = (
				C48D7B5D28C5EB9100634E38 /* Debug */,
				C48D7B5E28C5EB9100634E38 /* Release */,
			);
			defaultConfigurationIsVisible = 0;
			defaultConfigurationName = Release;
		};
		C48D7B5F28C5EB9100634E38 /* Build configuration list for PBXNativeTarget "ChillkraTests" */ = {
			isa = XCConfigurationList;
			buildConfigurations = (
				C48D7B6028C5EB9100634E38 /* Debug */,
				C48D7B6128C5EB9100634E38 /* Release */,
			);
			defaultConfigurationIsVisible = 0;
			defaultConfigurationName = Release;
		};
		C48D7B6228C5EB9100634E38 /* Build configuration list for PBXNativeTarget "ChillkraUITests" */ = {
			isa = XCConfigurationList;
			buildConfigurations = (
				C48D7B6328C5EB9100634E38 /* Debug */,
				C48D7B6428C5EB9100634E38 /* Release */,
			);
			defaultConfigurationIsVisible = 0;
			defaultConfigurationName = Release;
		};
/* End XCConfigurationList section */

/* Begin XCRemoteSwiftPackageReference section */
		C42024B328CA37EA00468B70 /* XCRemoteSwiftPackageReference "Kingfisher" */ = {
			isa = XCRemoteSwiftPackageReference;
			repositoryURL = "https://github.com/onevcat/Kingfisher.git";
			requirement = {
				branch = master;
				kind = branch;
			};
		};
		C462939928C887CC00F8D1A9 /* XCRemoteSwiftPackageReference "firebase-ios-sdk" */ = {
			isa = XCRemoteSwiftPackageReference;
			repositoryURL = "https://github.com/firebase/firebase-ios-sdk.git";
			requirement = {
				kind = upToNextMajorVersion;
				minimumVersion = 9.0.0;
			};
		};
		C46293A828C88BD700F8D1A9 /* XCRemoteSwiftPackageReference "firebase-ios-sdk" */ = {
			isa = XCRemoteSwiftPackageReference;
			repositoryURL = "https://github.com/firebase/firebase-ios-sdk.git";
			requirement = {
				kind = upToNextMajorVersion;
				minimumVersion = 9.0.0;
			};
		};
/* End XCRemoteSwiftPackageReference section */

/* Begin XCSwiftPackageProductDependency section */
		C42024B428CA37EA00468B70 /* Kingfisher */ = {
			isa = XCSwiftPackageProductDependency;
			package = C42024B328CA37EA00468B70 /* XCRemoteSwiftPackageReference "Kingfisher" */;
			productName = Kingfisher;
		};
		C462939A28C887CC00F8D1A9 /* FirebaseAuth */ = {
			isa = XCSwiftPackageProductDependency;
			package = C462939928C887CC00F8D1A9 /* XCRemoteSwiftPackageReference "firebase-ios-sdk" */;
			productName = FirebaseAuth;
		};
		C462939C28C887CC00F8D1A9 /* FirebaseDatabase */ = {
			isa = XCSwiftPackageProductDependency;
			package = C462939928C887CC00F8D1A9 /* XCRemoteSwiftPackageReference "firebase-ios-sdk" */;
			productName = FirebaseDatabase;
		};
		C462939E28C887CC00F8D1A9 /* FirebaseDatabaseSwift */ = {
			isa = XCSwiftPackageProductDependency;
			package = C462939928C887CC00F8D1A9 /* XCRemoteSwiftPackageReference "firebase-ios-sdk" */;
			productName = FirebaseDatabaseSwift;
		};
		C46293A028C887CC00F8D1A9 /* FirebaseFirestore */ = {
			isa = XCSwiftPackageProductDependency;
			package = C462939928C887CC00F8D1A9 /* XCRemoteSwiftPackageReference "firebase-ios-sdk" */;
			productName = FirebaseFirestore;
		};
		C46293A228C887CC00F8D1A9 /* FirebaseStorage */ = {
			isa = XCSwiftPackageProductDependency;
			package = C462939928C887CC00F8D1A9 /* XCRemoteSwiftPackageReference "firebase-ios-sdk" */;
			productName = FirebaseStorage;
		};
		C46293A928C88BD700F8D1A9 /* FirebaseFirestoreSwift */ = {
			isa = XCSwiftPackageProductDependency;
			package = C462939928C887CC00F8D1A9 /* XCRemoteSwiftPackageReference "firebase-ios-sdk" */;
			productName = FirebaseFirestoreSwift;
		};
/* End XCSwiftPackageProductDependency section */
	};
	rootObject = C48D7B3028C5EB9000634E38 /* Project object */;
}
